// !$*UTF8*$!
{
	archiveVersion = 1;
	classes = {
	};
	objectVersion = 48;
	objects = {

/* Begin PBXBuildFile section */
		027B8C3E1EE46FC60092088A /* AppDelegate.swift in Sources */ = {isa = PBXBuildFile; fileRef = 027B8C3D1EE46FC60092088A /* AppDelegate.swift */; };
		027B8C421EE46FC60092088A /* Assets.xcassets in Resources */ = {isa = PBXBuildFile; fileRef = 027B8C411EE46FC60092088A /* Assets.xcassets */; };
		027B8C451EE46FC60092088A /* Main.storyboard in Resources */ = {isa = PBXBuildFile; fileRef = 027B8C431EE46FC60092088A /* Main.storyboard */; };
		027B8C4D1EE473910092088A /* Images.xcassets in Resources */ = {isa = PBXBuildFile; fileRef = 027B8C4C1EE473910092088A /* Images.xcassets */; };
		02B601F01EE72CFB00D65D2A /* LaunchOnStartup.swift in Sources */ = {isa = PBXBuildFile; fileRef = 02B601EF1EE72CFB00D65D2A /* LaunchOnStartup.swift */; };
/* End PBXBuildFile section */

/* Begin PBXFileReference section */
		027B8C3A1EE46FC60092088A /* Keyboard Switch Notifier.app */ = {isa = PBXFileReference; explicitFileType = wrapper.application; includeInIndex = 0; path = "Keyboard Switch Notifier.app"; sourceTree = BUILT_PRODUCTS_DIR; };
		027B8C3D1EE46FC60092088A /* AppDelegate.swift */ = {isa = PBXFileReference; lastKnownFileType = sourcecode.swift; path = AppDelegate.swift; sourceTree = "<group>"; };
		027B8C411EE46FC60092088A /* Assets.xcassets */ = {isa = PBXFileReference; lastKnownFileType = folder.assetcatalog; path = Assets.xcassets; sourceTree = "<group>"; };
		027B8C441EE46FC60092088A /* Base */ = {isa = PBXFileReference; lastKnownFileType = file.storyboard; name = Base; path = Base.lproj/Main.storyboard; sourceTree = "<group>"; };
		027B8C461EE46FC60092088A /* Info.plist */ = {isa = PBXFileReference; lastKnownFileType = text.plist.xml; path = Info.plist; sourceTree = "<group>"; };
		027B8C4C1EE473910092088A /* Images.xcassets */ = {isa = PBXFileReference; lastKnownFileType = folder.assetcatalog; path = Images.xcassets; sourceTree = "<group>"; };
		02B601EF1EE72CFB00D65D2A /* LaunchOnStartup.swift */ = {isa = PBXFileReference; fileEncoding = 4; lastKnownFileType = sourcecode.swift; path = LaunchOnStartup.swift; sourceTree = "<group>"; };
/* End PBXFileReference section */

/* Begin PBXFrameworksBuildPhase section */
		027B8C371EE46FC60092088A /* Frameworks */ = {
			isa = PBXFrameworksBuildPhase;
			buildActionMask = 2147483647;
			files = (
			);
			runOnlyForDeploymentPostprocessing = 0;
		};
/* End PBXFrameworksBuildPhase section */

/* Begin PBXGroup section */
		027B8C311EE46FC60092088A = {
			isa = PBXGroup;
			children = (
				027B8C3C1EE46FC60092088A /* Keyboard Switch Notifier */,
				027B8C3B1EE46FC60092088A /* Products */,
			);
			sourceTree = "<group>";
		};
		027B8C3B1EE46FC60092088A /* Products */ = {
			isa = PBXGroup;
			children = (
				027B8C3A1EE46FC60092088A /* Keyboard Switch Notifier.app */,
			);
			name = Products;
			sourceTree = "<group>";
		};
		027B8C3C1EE46FC60092088A /* Keyboard Switch Notifier */ = {
			isa = PBXGroup;
			children = (
				027B8C3D1EE46FC60092088A /* AppDelegate.swift */,
				027B8C431EE46FC60092088A /* Main.storyboard */,
				027B8C411EE46FC60092088A /* Assets.xcassets */,
				027B8C4C1EE473910092088A /* Images.xcassets */,
				027B8C461EE46FC60092088A /* Info.plist */,
				02B601EF1EE72CFB00D65D2A /* LaunchOnStartup.swift */,
			);
			path = "Keyboard Switch Notifier";
			sourceTree = "<group>";
		};
/* End PBXGroup section */

/* Begin PBXNativeTarget section */
		027B8C391EE46FC60092088A /* Keyboard Switch Notifier */ = {
			isa = PBXNativeTarget;
			buildConfigurationList = 027B8C491EE46FC60092088A /* Build configuration list for PBXNativeTarget "Keyboard Switch Notifier" */;
			buildPhases = (
				027B8C361EE46FC60092088A /* Sources */,
				027B8C371EE46FC60092088A /* Frameworks */,
				027B8C381EE46FC60092088A /* Resources */,
			);
			buildRules = (
			);
			dependencies = (
			);
			name = "Keyboard Switch Notifier";
			productName = "Keyboard Switch Notifier";
			productReference = 027B8C3A1EE46FC60092088A /* Keyboard Switch Notifier.app */;
			productType = "com.apple.product-type.application";
		};
/* End PBXNativeTarget section */

/* Begin PBXProject section */
		027B8C321EE46FC60092088A /* Project object */ = {
			isa = PBXProject;
			attributes = {
				LastSwiftUpdateCheck = 0830;
				LastUpgradeCheck = 0830;
				ORGANIZATIONNAME = "Jiří Palas";
				TargetAttributes = {
					027B8C391EE46FC60092088A = {
						CreatedOnToolsVersion = 8.3.2;
						ProvisioningStyle = Automatic;
					};
				};
			};
			buildConfigurationList = 027B8C351EE46FC60092088A /* Build configuration list for PBXProject "Keyboard Switch Notifier" */;
			compatibilityVersion = "Xcode 8.0";
			developmentRegion = English;
			hasScannedForEncodings = 0;
			knownRegions = (
				en,
				Base,
			);
			mainGroup = 027B8C311EE46FC60092088A;
			productRefGroup = 027B8C3B1EE46FC60092088A /* Products */;
			projectDirPath = "";
			projectRoot = "";
			targets = (
				027B8C391EE46FC60092088A /* Keyboard Switch Notifier */,
			);
		};
/* End PBXProject section */

/* Begin PBXResourcesBuildPhase section */
		027B8C381EE46FC60092088A /* Resources */ = {
			isa = PBXResourcesBuildPhase;
			buildActionMask = 2147483647;
			files = (
				027B8C4D1EE473910092088A /* Images.xcassets in Resources */,
				027B8C421EE46FC60092088A /* Assets.xcassets in Resources */,
				027B8C451EE46FC60092088A /* Main.storyboard in Resources */,
			);
			runOnlyForDeploymentPostprocessing = 0;
		};
/* End PBXResourcesBuildPhase section */

/* Begin PBXSourcesBuildPhase section */
		027B8C361EE46FC60092088A /* Sources */ = {
			isa = PBXSourcesBuildPhase;
			buildActionMask = 2147483647;
			files = (
				027B8C3E1EE46FC60092088A /* AppDelegate.swift in Sources */,
				02B601F01EE72CFB00D65D2A /* LaunchOnStartup.swift in Sources */,
			);
			runOnlyForDeploymentPostprocessing = 0;
		};
/* End PBXSourcesBuildPhase section */

/* Begin PBXVariantGroup section */
		027B8C431EE46FC60092088A /* Main.storyboard */ = {
			isa = PBXVariantGroup;
			children = (
				027B8C441EE46FC60092088A /* Base */,
			);
			name = Main.storyboard;
			sourceTree = "<group>";
		};
/* End PBXVariantGroup section */

/* Begin XCBuildConfiguration section */
		027B8C471EE46FC60092088A /* Debug */ = {
			isa = XCBuildConfiguration;
			buildSettings = {
				ALWAYS_SEARCH_USER_PATHS = NO;
				CLANG_ANALYZER_NONNULL = YES;
				CLANG_ANALYZER_NUMBER_OBJECT_CONVERSION = YES_AGGRESSIVE;
				CLANG_CXX_LANGUAGE_STANDARD = "gnu++0x";
				CLANG_CXX_LIBRARY = "libc++";
				CLANG_ENABLE_MODULES = YES;
				CLANG_ENABLE_OBJC_ARC = YES;
				CLANG_WARN_BOOL_CONVERSION = YES;
				CLANG_WARN_CONSTANT_CONVERSION = YES;
				CLANG_WARN_DIRECT_OBJC_ISA_USAGE = YES_ERROR;
				CLANG_WARN_DOCUMENTATION_COMMENTS = YES;
				CLANG_WARN_EMPTY_BODY = YES;
				CLANG_WARN_ENUM_CONVERSION = YES;
				CLANG_WARN_INFINITE_RECURSION = YES;
				CLANG_WARN_INT_CONVERSION = YES;
				CLANG_WARN_OBJC_ROOT_CLASS = YES_ERROR;
				CLANG_WARN_SUSPICIOUS_MOVE = YES;
				CLANG_WARN_UNREACHABLE_CODE = YES;
				CLANG_WARN__DUPLICATE_METHOD_MATCH = YES;
				CODE_SIGN_IDENTITY = "-";
				COPY_PHASE_STRIP = NO;
				DEBUG_INFORMATION_FORMAT = dwarf;
				ENABLE_STRICT_OBJC_MSGSEND = YES;
				ENABLE_TESTABILITY = YES;
				GCC_C_LANGUAGE_STANDARD = gnu99;
				GCC_DYNAMIC_NO_PIC = NO;
				GCC_NO_COMMON_BLOCKS = YES;
				GCC_OPTIMIZATION_LEVEL = 0;
				GCC_PREPROCESSOR_DEFINITIONS = (
					"DEBUG=1",
					"$(inherited)",
				);
				GCC_WARN_64_TO_32_BIT_CONVERSION = YES;
				GCC_WARN_ABOUT_RETURN_TYPE = YES_ERROR;
				GCC_WARN_UNDECLARED_SELECTOR = YES;
				GCC_WARN_UNINITIALIZED_AUTOS = YES_AGGRESSIVE;
				GCC_WARN_UNUSED_FUNCTION = YES;
				GCC_WARN_UNUSED_VARIABLE = YES;
				MACOSX_DEPLOYMENT_TARGET = 10.12;
				MTL_ENABLE_DEBUG_INFO = YES;
				ONLY_ACTIVE_ARCH = YES;
				SDKROOT = macosx;
				SWIFT_ACTIVE_COMPILATION_CONDITIONS = DEBUG;
				SWIFT_OPTIMIZATION_LEVEL = "-Onone";
			};
			name = Debug;
		};
		027B8C481EE46FC60092088A /* Release */ = {
			isa = XCBuildConfiguration;
			buildSettings = {
				ALWAYS_SEARCH_USER_PATHS = NO;
				CLANG_ANALYZER_NONNULL = YES;
				CLANG_ANALYZER_NUMBER_OBJECT_CONVERSION = YES_AGGRESSIVE;
				CLANG_CXX_LANGUAGE_STANDARD = "gnu++0x";
				CLANG_CXX_LIBRARY = "libc++";
				CLANG_ENABLE_MODULES = YES;
				CLANG_ENABLE_OBJC_ARC = YES;
				CLANG_WARN_BOOL_CONVERSION = YES;
				CLANG_WARN_CONSTANT_CONVERSION = YES;
				CLANG_WARN_DIRECT_OBJC_ISA_USAGE = YES_ERROR;
				CLANG_WARN_DOCUMENTATION_COMMENTS = YES;
				CLANG_WARN_EMPTY_BODY = YES;
				CLANG_WARN_ENUM_CONVERSION = YES;
				CLANG_WARN_INFINITE_RECURSION = YES;
				CLANG_WARN_INT_CONVERSION = YES;
				CLANG_WARN_OBJC_ROOT_CLASS = YES_ERROR;
				CLANG_WARN_SUSPICIOUS_MOVE = YES;
				CLANG_WARN_UNREACHABLE_CODE = YES;
				CLANG_WARN__DUPLICATE_METHOD_MATCH = YES;
				CODE_SIGN_IDENTITY = "-";
				COPY_PHASE_STRIP = NO;
				DEBUG_INFORMATION_FORMAT = "dwarf-with-dsym";
				ENABLE_NS_ASSERTIONS = NO;
				ENABLE_STRICT_OBJC_MSGSEND = YES;
				GCC_C_LANGUAGE_STANDARD = gnu99;
				GCC_NO_COMMON_BLOCKS = YES;
				GCC_WARN_64_TO_32_BIT_CONVERSION = YES;
				GCC_WARN_ABOUT_RETURN_TYPE = YES_ERROR;
				GCC_WARN_UNDECLARED_SELECTOR = YES;
				GCC_WARN_UNINITIALIZED_AUTOS = YES_AGGRESSIVE;
				GCC_WARN_UNUSED_FUNCTION = YES;
				GCC_WARN_UNUSED_VARIABLE = YES;
				MACOSX_DEPLOYMENT_TARGET = 10.12;
				MTL_ENABLE_DEBUG_INFO = NO;
				SDKROOT = macosx;
				SWIFT_OPTIMIZATION_LEVEL = "-Owholemodule";
			};
			name = Release;
		};
		027B8C4A1EE46FC60092088A /* Debug */ = {
			isa = XCBuildConfiguration;
			buildSettings = {
				ASSETCATALOG_COMPILER_APPICON_NAME = AppIcon;
				COMBINE_HIDPI_IMAGES = YES;
				INFOPLIST_FILE = "Keyboard Switch Notifier/Info.plist";
				LD_RUNPATH_SEARCH_PATHS = "$(inherited) @executable_path/../Frameworks";
				PRODUCT_BUNDLE_IDENTIFIER = "com.palasjiri.Keyboard-Switch-Notifier";
				PRODUCT_NAME = "$(TARGET_NAME)";
				SWIFT_VERSION = 3.0;
			};
			name = Debug;
		};
		027B8C4B1EE46FC60092088A /* Release */ = {
			isa = XCBuildConfiguration;
			buildSettings = {
				ASSETCATALOG_COMPILER_APPICON_NAME = AppIcon;
				COMBINE_HIDPI_IMAGES = YES;
				INFOPLIST_FILE = "Keyboard Switch Notifier/Info.plist";
				LD_RUNPATH_SEARCH_PATHS = "$(inherited) @executable_path/../Frameworks";
				PRODUCT_BUNDLE_IDENTIFIER = "com.palasjiri.Keyboard-Switch-Notifier";
				PRODUCT_NAME = "$(TARGET_NAME)";
				SWIFT_VERSION = 3.0;
			};
			name = Release;
		};
/* End XCBuildConfiguration section */

/* Begin XCConfigurationList section */
		027B8C351EE46FC60092088A /* Build configuration list for PBXProject "Keyboard Switch Notifier" */ = {
			isa = XCConfigurationList;
			buildConfigurations = (
				027B8C471EE46FC60092088A /* Debug */,
				027B8C481EE46FC60092088A /* Release */,
			);
			defaultConfigurationIsVisible = 0;
			defaultConfigurationName = Release;
		};
		027B8C491EE46FC60092088A /* Build configuration list for PBXNativeTarget "Keyboard Switch Notifier" */ = {
			isa = XCConfigurationList;
			buildConfigurations = (
				027B8C4A1EE46FC60092088A /* Debug */,
				027B8C4B1EE46FC60092088A /* Release */,
			);
			defaultConfigurationIsVisible = 0;
			defaultConfigurationName = Release;
		};
/* End XCConfigurationList section */
	};
	rootObject = 027B8C321EE46FC60092088A /* Project object */;
}
