// !$*UTF8*$!
{
	archiveVersion = 1;
	classes = {
	};
	objectVersion = 48;
	objects = {

/* Begin PBXBuildFile section */
		026324161F0AE871008ECE3E /* PreferenceManager.swift in Sources */ = {isa = PBXBuildFile; fileRef = 026324151F0AE871008ECE3E /* PreferenceManager.swift */; };
		026F37D31EE897120041FD09 /* InputSourceObserver.swift in Sources */ = {isa = PBXBuildFile; fileRef = 026F37D21EE897120041FD09 /* InputSourceObserver.swift */; };
		027B8C3E1EE46FC60092088A /* AppDelegate.swift in Sources */ = {isa = PBXBuildFile; fileRef = 027B8C3D1EE46FC60092088A /* AppDelegate.swift */; };
		027B8C421EE46FC60092088A /* Assets.xcassets in Resources */ = {isa = PBXBuildFile; fileRef = 027B8C411EE46FC60092088A /* Assets.xcassets */; };
		027B8C451EE46FC60092088A /* Main.storyboard in Resources */ = {isa = PBXBuildFile; fileRef = 027B8C431EE46FC60092088A /* Main.storyboard */; };
		028F695E1EF55751009BE472 /* AppDelegate.m in Sources */ = {isa = PBXBuildFile; fileRef = 028F695D1EF55751009BE472 /* AppDelegate.m */; };
		028F69611EF55751009BE472 /* main.m in Sources */ = {isa = PBXBuildFile; fileRef = 028F69601EF55751009BE472 /* main.m */; };
		028F69641EF55751009BE472 /* ViewController.m in Sources */ = {isa = PBXBuildFile; fileRef = 028F69631EF55751009BE472 /* ViewController.m */; };
		028F69661EF55751009BE472 /* Assets.xcassets in Resources */ = {isa = PBXBuildFile; fileRef = 028F69651EF55751009BE472 /* Assets.xcassets */; };
		028F69691EF55751009BE472 /* Main.storyboard in Resources */ = {isa = PBXBuildFile; fileRef = 028F69671EF55751009BE472 /* Main.storyboard */; };
		02A19D0E1EE883A600BD3FBF /* StatusMenuController.swift in Sources */ = {isa = PBXBuildFile; fileRef = 02A19D0D1EE883A600BD3FBF /* StatusMenuController.swift */; };
		02A19D121EE88D8000BD3FBF /* InputSource.swift in Sources */ = {isa = PBXBuildFile; fileRef = 02A19D111EE88D8000BD3FBF /* InputSource.swift */; };
		02A19D141EE890FF00BD3FBF /* KeyboardChangedNotification.swift in Sources */ = {isa = PBXBuildFile; fileRef = 02A19D131EE890FF00BD3FBF /* KeyboardChangedNotification.swift */; };
		02A8A85E1EE87EC00016535D /* Info.plist in Resources */ = {isa = PBXBuildFile; fileRef = 027B8C461EE46FC60092088A /* Info.plist */; };
		02E3DE211F0AD9F5003317F4 /* KeyboardSwitchNotifierHelper.app in CopyFiles */ = {isa = PBXBuildFile; fileRef = 028F695A1EF55751009BE472 /* KeyboardSwitchNotifierHelper.app */; settings = {ATTRIBUTES = (RemoveHeadersOnCopy, ); }; };
		02E3DE231F0ADE7A003317F4 /* LaunchAtStartupHandler.swift in Sources */ = {isa = PBXBuildFile; fileRef = 02E3DE221F0ADE7A003317F4 /* LaunchAtStartupHandler.swift */; };
/* End PBXBuildFile section */

/* Begin PBXCopyFilesBuildPhase section */
		02E3DE201F0AD9E3003317F4 /* CopyFiles */ = {
			isa = PBXCopyFilesBuildPhase;
			buildActionMask = 2147483647;
			dstPath = Contents/Library/LoginItems;
			dstSubfolderSpec = 1;
			files = (
				02E3DE211F0AD9F5003317F4 /* KeyboardSwitchNotifierHelper.app in CopyFiles */,
			);
			runOnlyForDeploymentPostprocessing = 0;
		};
/* End PBXCopyFilesBuildPhase section */

/* Begin PBXFileReference section */
		026324151F0AE871008ECE3E /* PreferenceManager.swift */ = {isa = PBXFileReference; fileEncoding = 4; lastKnownFileType = sourcecode.swift; path = PreferenceManager.swift; sourceTree = "<group>"; };
		026F37D21EE897120041FD09 /* InputSourceObserver.swift */ = {isa = PBXFileReference; fileEncoding = 4; lastKnownFileType = sourcecode.swift; path = InputSourceObserver.swift; sourceTree = "<group>"; };
		027B8C3A1EE46FC60092088A /* KeyboardSwitchNotifier.app */ = {isa = PBXFileReference; explicitFileType = wrapper.application; includeInIndex = 0; path = KeyboardSwitchNotifier.app; sourceTree = BUILT_PRODUCTS_DIR; };
		027B8C3D1EE46FC60092088A /* AppDelegate.swift */ = {isa = PBXFileReference; lastKnownFileType = sourcecode.swift; path = AppDelegate.swift; sourceTree = "<group>"; };
		027B8C411EE46FC60092088A /* Assets.xcassets */ = {isa = PBXFileReference; lastKnownFileType = folder.assetcatalog; path = Assets.xcassets; sourceTree = "<group>"; };
		027B8C441EE46FC60092088A /* Base */ = {isa = PBXFileReference; lastKnownFileType = file.storyboard; name = Base; path = Base.lproj/Main.storyboard; sourceTree = "<group>"; };
		027B8C461EE46FC60092088A /* Info.plist */ = {isa = PBXFileReference; lastKnownFileType = text.plist.xml; path = Info.plist; sourceTree = "<group>"; };
		028F695A1EF55751009BE472 /* KeyboardSwitchNotifierHelper.app */ = {isa = PBXFileReference; explicitFileType = wrapper.application; includeInIndex = 0; path = KeyboardSwitchNotifierHelper.app; sourceTree = BUILT_PRODUCTS_DIR; };
		028F695C1EF55751009BE472 /* AppDelegate.h */ = {isa = PBXFileReference; lastKnownFileType = sourcecode.c.h; path = AppDelegate.h; sourceTree = "<group>"; };
		028F695D1EF55751009BE472 /* AppDelegate.m */ = {isa = PBXFileReference; lastKnownFileType = sourcecode.c.objc; path = AppDelegate.m; sourceTree = "<group>"; };
		028F69601EF55751009BE472 /* main.m */ = {isa = PBXFileReference; lastKnownFileType = sourcecode.c.objc; path = main.m; sourceTree = "<group>"; };
		028F69621EF55751009BE472 /* ViewController.h */ = {isa = PBXFileReference; lastKnownFileType = sourcecode.c.h; path = ViewController.h; sourceTree = "<group>"; };
		028F69631EF55751009BE472 /* ViewController.m */ = {isa = PBXFileReference; lastKnownFileType = sourcecode.c.objc; path = ViewController.m; sourceTree = "<group>"; };
		028F69651EF55751009BE472 /* Assets.xcassets */ = {isa = PBXFileReference; lastKnownFileType = folder.assetcatalog; path = Assets.xcassets; sourceTree = "<group>"; };
		028F69681EF55751009BE472 /* Base */ = {isa = PBXFileReference; lastKnownFileType = file.storyboard; name = Base; path = Base.lproj/Main.storyboard; sourceTree = "<group>"; };
		028F696A1EF55751009BE472 /* Info.plist */ = {isa = PBXFileReference; lastKnownFileType = text.plist.xml; path = Info.plist; sourceTree = "<group>"; };
		02A19D0D1EE883A600BD3FBF /* StatusMenuController.swift */ = {isa = PBXFileReference; fileEncoding = 4; lastKnownFileType = sourcecode.swift; path = StatusMenuController.swift; sourceTree = "<group>"; };
		02A19D101EE8857100BD3FBF /* en */ = {isa = PBXFileReference; lastKnownFileType = text.plist.strings; name = en; path = en.lproj/Main.strings; sourceTree = "<group>"; };
		02A19D111EE88D8000BD3FBF /* InputSource.swift */ = {isa = PBXFileReference; fileEncoding = 4; lastKnownFileType = sourcecode.swift; path = InputSource.swift; sourceTree = "<group>"; };
		02A19D131EE890FF00BD3FBF /* KeyboardChangedNotification.swift */ = {isa = PBXFileReference; fileEncoding = 4; lastKnownFileType = sourcecode.swift; path = KeyboardChangedNotification.swift; sourceTree = "<group>"; };
		02E3DE221F0ADE7A003317F4 /* LaunchAtStartupHandler.swift */ = {isa = PBXFileReference; fileEncoding = 4; lastKnownFileType = sourcecode.swift; path = LaunchAtStartupHandler.swift; sourceTree = "<group>"; };
/* End PBXFileReference section */

/* Begin PBXFrameworksBuildPhase section */
		027B8C371EE46FC60092088A /* Frameworks */ = {
			isa = PBXFrameworksBuildPhase;
			buildActionMask = 2147483647;
			files = (
			);
			runOnlyForDeploymentPostprocessing = 0;
		};
		028F69571EF55751009BE472 /* Frameworks */ = {
			isa = PBXFrameworksBuildPhase;
			buildActionMask = 2147483647;
			files = (
			);
			runOnlyForDeploymentPostprocessing = 0;
		};
/* End PBXFrameworksBuildPhase section */

/* Begin PBXGroup section */
		027B8C311EE46FC60092088A = {
			isa = PBXGroup;
			children = (
				027B8C3C1EE46FC60092088A /* KeyboardSwitchNotifier */,
				028F695B1EF55751009BE472 /* KeyboardSwitchNotifierHelper */,
				027B8C3B1EE46FC60092088A /* Products */,
			);
			sourceTree = "<group>";
		};
		027B8C3B1EE46FC60092088A /* Products */ = {
			isa = PBXGroup;
			children = (
				027B8C3A1EE46FC60092088A /* KeyboardSwitchNotifier.app */,
				028F695A1EF55751009BE472 /* KeyboardSwitchNotifierHelper.app */,
			);
			name = Products;
			sourceTree = "<group>";
		};
		027B8C3C1EE46FC60092088A /* KeyboardSwitchNotifier */ = {
			isa = PBXGroup;
			children = (
				027B8C3D1EE46FC60092088A /* AppDelegate.swift */,
				02A19D0D1EE883A600BD3FBF /* StatusMenuController.swift */,
				02A19D111EE88D8000BD3FBF /* InputSource.swift */,
				02A19D131EE890FF00BD3FBF /* KeyboardChangedNotification.swift */,
				026F37D21EE897120041FD09 /* InputSourceObserver.swift */,
				026324151F0AE871008ECE3E /* PreferenceManager.swift */,
				02E3DE221F0ADE7A003317F4 /* LaunchAtStartupHandler.swift */,
				027B8C431EE46FC60092088A /* Main.storyboard */,
				027B8C411EE46FC60092088A /* Assets.xcassets */,
				027B8C461EE46FC60092088A /* Info.plist */,
			);
			name = KeyboardSwitchNotifier;
			path = "Keyboard Switch Notifier";
			sourceTree = "<group>";
		};
		028F695B1EF55751009BE472 /* KeyboardSwitchNotifierHelper */ = {
			isa = PBXGroup;
			children = (
				028F695C1EF55751009BE472 /* AppDelegate.h */,
				028F695D1EF55751009BE472 /* AppDelegate.m */,
				028F69621EF55751009BE472 /* ViewController.h */,
				028F69631EF55751009BE472 /* ViewController.m */,
				028F69651EF55751009BE472 /* Assets.xcassets */,
				028F69671EF55751009BE472 /* Main.storyboard */,
				028F696A1EF55751009BE472 /* Info.plist */,
				028F695F1EF55751009BE472 /* Supporting Files */,
			);
			path = KeyboardSwitchNotifierHelper;
			sourceTree = "<group>";
		};
		028F695F1EF55751009BE472 /* Supporting Files */ = {
			isa = PBXGroup;
			children = (
				028F69601EF55751009BE472 /* main.m */,
			);
			name = "Supporting Files";
			sourceTree = "<group>";
		};
/* End PBXGroup section */

/* Begin PBXNativeTarget section */
		027B8C391EE46FC60092088A /* KeyboardSwitchNotifier */ = {
			isa = PBXNativeTarget;
			buildConfigurationList = 027B8C491EE46FC60092088A /* Build configuration list for PBXNativeTarget "KeyboardSwitchNotifier" */;
			buildPhases = (
				027B8C361EE46FC60092088A /* Sources */,
				027B8C371EE46FC60092088A /* Frameworks */,
				027B8C381EE46FC60092088A /* Resources */,
				02E3DE201F0AD9E3003317F4 /* CopyFiles */,
			);
			buildRules = (
			);
			dependencies = (
			);
			name = KeyboardSwitchNotifier;
			productName = "Keyboard Switch Notifier";
			productReference = 027B8C3A1EE46FC60092088A /* KeyboardSwitchNotifier.app */;
			productType = "com.apple.product-type.application";
		};
		028F69591EF55751009BE472 /* KeyboardSwitchNotifierHelper */ = {
			isa = PBXNativeTarget;
			buildConfigurationList = 028F696D1EF55751009BE472 /* Build configuration list for PBXNativeTarget "KeyboardSwitchNotifierHelper" */;
			buildPhases = (
				028F69561EF55751009BE472 /* Sources */,
				028F69571EF55751009BE472 /* Frameworks */,
				028F69581EF55751009BE472 /* Resources */,
			);
			buildRules = (
			);
			dependencies = (
			);
			name = KeyboardSwitchNotifierHelper;
			productName = KeyboardSwitchNotifierHelper;
			productReference = 028F695A1EF55751009BE472 /* KeyboardSwitchNotifierHelper.app */;
			productType = "com.apple.product-type.application";
		};
/* End PBXNativeTarget section */

/* Begin PBXProject section */
		027B8C321EE46FC60092088A /* Project object */ = {
			isa = PBXProject;
			attributes = {
				LastSwiftUpdateCheck = 0830;
				LastUpgradeCheck = 0830;
				ORGANIZATIONNAME = "Jiří Palas";
				TargetAttributes = {
					027B8C391EE46FC60092088A = {
						CreatedOnToolsVersion = 8.3.2;
						ProvisioningStyle = Automatic;
					};
					028F69591EF55751009BE472 = {
						CreatedOnToolsVersion = 8.3.2;
						ProvisioningStyle = Automatic;
					};
				};
			};
			buildConfigurationList = 027B8C351EE46FC60092088A /* Build configuration list for PBXProject "KeyboardSwitchNotifier" */;
			compatibilityVersion = "Xcode 8.0";
			developmentRegion = English;
			hasScannedForEncodings = 0;
			knownRegions = (
				en,
				Base,
			);
			mainGroup = 027B8C311EE46FC60092088A;
			productRefGroup = 027B8C3B1EE46FC60092088A /* Products */;
			projectDirPath = "";
			projectRoot = "";
			targets = (
				027B8C391EE46FC60092088A /* KeyboardSwitchNotifier */,
				028F69591EF55751009BE472 /* KeyboardSwitchNotifierHelper */,
			);
		};
/* End PBXProject section */

/* Begin PBXResourcesBuildPhase section */
		027B8C381EE46FC60092088A /* Resources */ = {
			isa = PBXResourcesBuildPhase;
			buildActionMask = 2147483647;
			files = (
				02A8A85E1EE87EC00016535D /* Info.plist in Resources */,
				027B8C421EE46FC60092088A /* Assets.xcassets in Resources */,
				027B8C451EE46FC60092088A /* Main.storyboard in Resources */,
			);
			runOnlyForDeploymentPostprocessing = 0;
		};
		028F69581EF55751009BE472 /* Resources */ = {
			isa = PBXResourcesBuildPhase;
			buildActionMask = 2147483647;
			files = (
				028F69661EF55751009BE472 /* Assets.xcassets in Resources */,
				028F69691EF55751009BE472 /* Main.storyboard in Resources */,
			);
			runOnlyForDeploymentPostprocessing = 0;
		};
/* End PBXResourcesBuildPhase section */

/* Begin PBXSourcesBuildPhase section */
		027B8C361EE46FC60092088A /* Sources */ = {
			isa = PBXSourcesBuildPhase;
			buildActionMask = 2147483647;
			files = (
				02A19D0E1EE883A600BD3FBF /* StatusMenuController.swift in Sources */,
				026324161F0AE871008ECE3E /* PreferenceManager.swift in Sources */,
				02A19D121EE88D8000BD3FBF /* InputSource.swift in Sources */,
				02A19D141EE890FF00BD3FBF /* KeyboardChangedNotification.swift in Sources */,
				027B8C3E1EE46FC60092088A /* AppDelegate.swift in Sources */,
				02E3DE231F0ADE7A003317F4 /* LaunchAtStartupHandler.swift in Sources */,
				026F37D31EE897120041FD09 /* InputSourceObserver.swift in Sources */,
			);
			runOnlyForDeploymentPostprocessing = 0;
		};
		028F69561EF55751009BE472 /* Sources */ = {
			isa = PBXSourcesBuildPhase;
			buildActionMask = 2147483647;
			files = (
				028F69641EF55751009BE472 /* ViewController.m in Sources */,
				028F69611EF55751009BE472 /* main.m in Sources */,
				028F695E1EF55751009BE472 /* AppDelegate.m in Sources */,
			);
			runOnlyForDeploymentPostprocessing = 0;
		};
/* End PBXSourcesBuildPhase section */

/* Begin PBXVariantGroup section */
		027B8C431EE46FC60092088A /* Main.storyboard */ = {
			isa = PBXVariantGroup;
			children = (
				027B8C441EE46FC60092088A /* Base */,
				02A19D101EE8857100BD3FBF /* en */,
			);
			name = Main.storyboard;
			sourceTree = "<group>";
		};
		028F69671EF55751009BE472 /* Main.storyboard */ = {
			isa = PBXVariantGroup;
			children = (
				028F69681EF55751009BE472 /* Base */,
			);
			name = Main.storyboard;
			sourceTree = "<group>";
		};
/* End PBXVariantGroup section */

/* Begin XCBuildConfiguration section */
		027B8C471EE46FC60092088A /* Debug */ = {
			isa = XCBuildConfiguration;
			buildSettings = {
				ALWAYS_SEARCH_USER_PATHS = NO;
				CLANG_ANALYZER_NONNULL = YES;
				CLANG_ANALYZER_NUMBER_OBJECT_CONVERSION = YES_AGGRESSIVE;
				CLANG_CXX_LANGUAGE_STANDARD = "gnu++0x";
				CLANG_CXX_LIBRARY = "libc++";
				CLANG_ENABLE_MODULES = YES;
				CLANG_ENABLE_OBJC_ARC = YES;
				CLANG_WARN_BOOL_CONVERSION = YES;
				CLANG_WARN_CONSTANT_CONVERSION = YES;
				CLANG_WARN_DIRECT_OBJC_ISA_USAGE = YES_ERROR;
				CLANG_WARN_DOCUMENTATION_COMMENTS = YES;
				CLANG_WARN_EMPTY_BODY = YES;
				CLANG_WARN_ENUM_CONVERSION = YES;
				CLANG_WARN_INFINITE_RECURSION = YES;
				CLANG_WARN_INT_CONVERSION = YES;
				CLANG_WARN_OBJC_ROOT_CLASS = YES_ERROR;
				CLANG_WARN_SUSPICIOUS_MOVE = YES;
				CLANG_WARN_UNREACHABLE_CODE = YES;
				CLANG_WARN__DUPLICATE_METHOD_MATCH = YES;
				CODE_SIGN_IDENTITY = "-";
				COPY_PHASE_STRIP = NO;
				DEBUG_INFORMATION_FORMAT = dwarf;
				ENABLE_STRICT_OBJC_MSGSEND = YES;
				ENABLE_TESTABILITY = YES;
				GCC_C_LANGUAGE_STANDARD = gnu99;
				GCC_DYNAMIC_NO_PIC = NO;
				GCC_NO_COMMON_BLOCKS = YES;
				GCC_OPTIMIZATION_LEVEL = 0;
				GCC_PREPROCESSOR_DEFINITIONS = (
					"DEBUG=1",
					"$(inherited)",
				);
				GCC_WARN_64_TO_32_BIT_CONVERSION = YES;
				GCC_WARN_ABOUT_RETURN_TYPE = YES_ERROR;
				GCC_WARN_UNDECLARED_SELECTOR = YES;
				GCC_WARN_UNINITIALIZED_AUTOS = YES_AGGRESSIVE;
				GCC_WARN_UNUSED_FUNCTION = YES;
				GCC_WARN_UNUSED_VARIABLE = YES;
				MACOSX_DEPLOYMENT_TARGET = 10.12;
				MTL_ENABLE_DEBUG_INFO = YES;
				ONLY_ACTIVE_ARCH = YES;
				SDKROOT = macosx;
				SWIFT_ACTIVE_COMPILATION_CONDITIONS = DEBUG;
				SWIFT_OPTIMIZATION_LEVEL = "-Onone";
			};
			name = Debug;
		};
		027B8C481EE46FC60092088A /* Release */ = {
			isa = XCBuildConfiguration;
			buildSettings = {
				ALWAYS_SEARCH_USER_PATHS = NO;
				CLANG_ANALYZER_NONNULL = YES;
				CLANG_ANALYZER_NUMBER_OBJECT_CONVERSION = YES_AGGRESSIVE;
				CLANG_CXX_LANGUAGE_STANDARD = "gnu++0x";
				CLANG_CXX_LIBRARY = "libc++";
				CLANG_ENABLE_MODULES = YES;
				CLANG_ENABLE_OBJC_ARC = YES;
				CLANG_WARN_BOOL_CONVERSION = YES;
				CLANG_WARN_CONSTANT_CONVERSION = YES;
				CLANG_WARN_DIRECT_OBJC_ISA_USAGE = YES_ERROR;
				CLANG_WARN_DOCUMENTATION_COMMENTS = YES;
				CLANG_WARN_EMPTY_BODY = YES;
				CLANG_WARN_ENUM_CONVERSION = YES;
				CLANG_WARN_INFINITE_RECURSION = YES;
				CLANG_WARN_INT_CONVERSION = YES;
				CLANG_WARN_OBJC_ROOT_CLASS = YES_ERROR;
				CLANG_WARN_SUSPICIOUS_MOVE = YES;
				CLANG_WARN_UNREACHABLE_CODE = YES;
				CLANG_WARN__DUPLICATE_METHOD_MATCH = YES;
				CODE_SIGN_IDENTITY = "-";
				COPY_PHASE_STRIP = NO;
				DEBUG_INFORMATION_FORMAT = "dwarf-with-dsym";
				ENABLE_NS_ASSERTIONS = NO;
				ENABLE_STRICT_OBJC_MSGSEND = YES;
				GCC_C_LANGUAGE_STANDARD = gnu99;
				GCC_NO_COMMON_BLOCKS = YES;
				GCC_WARN_64_TO_32_BIT_CONVERSION = YES;
				GCC_WARN_ABOUT_RETURN_TYPE = YES_ERROR;
				GCC_WARN_UNDECLARED_SELECTOR = YES;
				GCC_WARN_UNINITIALIZED_AUTOS = YES_AGGRESSIVE;
				GCC_WARN_UNUSED_FUNCTION = YES;
				GCC_WARN_UNUSED_VARIABLE = YES;
				MACOSX_DEPLOYMENT_TARGET = 10.12;
				MTL_ENABLE_DEBUG_INFO = NO;
				SDKROOT = macosx;
				SWIFT_OPTIMIZATION_LEVEL = "-Owholemodule";
			};
			name = Release;
		};
		027B8C4A1EE46FC60092088A /* Debug */ = {
			isa = XCBuildConfiguration;
			buildSettings = {
				ASSETCATALOG_COMPILER_APPICON_NAME = AppIcon;
				COMBINE_HIDPI_IMAGES = YES;
				INFOPLIST_FILE = "Keyboard Switch Notifier/Info.plist";
				LD_RUNPATH_SEARCH_PATHS = "$(inherited) @executable_path/../Frameworks";
				PRODUCT_BUNDLE_IDENTIFIER = "com.palasjiri.Keyboard-Switch-Notifier";
				PRODUCT_NAME = "$(TARGET_NAME)";
				SWIFT_VERSION = 3.0;
			};
			name = Debug;
		};
		027B8C4B1EE46FC60092088A /* Release */ = {
			isa = XCBuildConfiguration;
			buildSettings = {
				ASSETCATALOG_COMPILER_APPICON_NAME = AppIcon;
				COMBINE_HIDPI_IMAGES = YES;
				INFOPLIST_FILE = "Keyboard Switch Notifier/Info.plist";
				LD_RUNPATH_SEARCH_PATHS = "$(inherited) @executable_path/../Frameworks";
				PRODUCT_BUNDLE_IDENTIFIER = "com.palasjiri.Keyboard-Switch-Notifier";
				PRODUCT_NAME = "$(TARGET_NAME)";
				SWIFT_VERSION = 3.0;
			};
			name = Release;
		};
		028F696B1EF55751009BE472 /* Debug */ = {
			isa = XCBuildConfiguration;
			buildSettings = {
				ASSETCATALOG_COMPILER_APPICON_NAME = AppIcon;
				COMBINE_HIDPI_IMAGES = YES;
				INFOPLIST_FILE = KeyboardSwitchNotifierHelper/Info.plist;
				LD_RUNPATH_SEARCH_PATHS = "$(inherited) @executable_path/../Frameworks";
				PRODUCT_BUNDLE_IDENTIFIER = com.palasjiri.KeyboardSwitchNotifierHelper;
				PRODUCT_NAME = "$(TARGET_NAME)";
				SKIP_INSTALL = YES;
			};
			name = Debug;
		};
		028F696C1EF55751009BE472 /* Release */ = {
			isa = XCBuildConfiguration;
			buildSettings = {
				ASSETCATALOG_COMPILER_APPICON_NAME = AppIcon;
				COMBINE_HIDPI_IMAGES = YES;
				INFOPLIST_FILE = KeyboardSwitchNotifierHelper/Info.plist;
				LD_RUNPATH_SEARCH_PATHS = "$(inherited) @executable_path/../Frameworks";
				PRODUCT_BUNDLE_IDENTIFIER = com.palasjiri.KeyboardSwitchNotifierHelper;
				PRODUCT_NAME = "$(TARGET_NAME)";
				SKIP_INSTALL = YES;
			};
			name = Release;
		};
/* End XCBuildConfiguration section */

/* Begin XCConfigurationList section */
		027B8C351EE46FC60092088A /* Build configuration list for PBXProject "KeyboardSwitchNotifier" */ = {
			isa = XCConfigurationList;
			buildConfigurations = (
				027B8C471EE46FC60092088A /* Debug */,
				027B8C481EE46FC60092088A /* Release */,
			);
			defaultConfigurationIsVisible = 0;
			defaultConfigurationName = Release;
		};
		027B8C491EE46FC60092088A /* Build configuration list for PBXNativeTarget "KeyboardSwitchNotifier" */ = {
			isa = XCConfigurationList;
			buildConfigurations = (
				027B8C4A1EE46FC60092088A /* Debug */,
				027B8C4B1EE46FC60092088A /* Release */,
			);
			defaultConfigurationIsVisible = 0;
			defaultConfigurationName = Release;
		};
		028F696D1EF55751009BE472 /* Build configuration list for PBXNativeTarget "KeyboardSwitchNotifierHelper" */ = {
			isa = XCConfigurationList;
			buildConfigurations = (
				028F696B1EF55751009BE472 /* Debug */,
				028F696C1EF55751009BE472 /* Release */,
			);
			defaultConfigurationIsVisible = 0;
			defaultConfigurationName = Release;
		};
/* End XCConfigurationList section */
	};
	rootObject = 027B8C321EE46FC60092088A /* Project object */;
}
